# This file is automatically @generated by Cargo.
# It is not intended for manual editing.
version = 3

[[package]]
name = "alpm"
version = "4.0.0"
source = "registry+https://github.com/rust-lang/crates.io-index"
checksum = "d07c43bf396280fdda8928f725a89cdb8c525bba0240494f5da6b40aafe61387"
dependencies = [
 "alpm-sys",
 "bitflags",
]

[[package]]
name = "alpm-sys"
version = "4.0.0"
source = "registry+https://github.com/rust-lang/crates.io-index"
checksum = "ad5eb56a41bf4f036c600aa1ddff354971926dd8ea29a3fb6589c6c375bf918b"
dependencies = [
 "pkg-config",
]

[[package]]
name = "bitflags"
version = "2.6.0"
source = "registry+https://github.com/rust-lang/crates.io-index"
checksum = "b048fb63fd8b5923fc5aa7b340d8e156aec7ec02f0c78fa8a6ddc2613f6f71de"

[[package]]
name = "pacclean"
version = "0.1.0"
dependencies = [
 "alpm",
]

[[package]]
name = "pkg-config"
version = "0.3.30"
source = "registry+https://github.com/rust-lang/crates.io-index"
checksum = "d231b230927b5e4ad203db57bbcbee2802f6bce620b1e4a9024a07d94e2907ec"
