# This file is automatically @generated by Cargo.
# It is not intended for manual editing.
version = 4

[[package]]
name = "alpm"
version = "5.0.0"
source = "registry+https://github.com/rust-lang/crates.io-index"
checksum = "65194002f3ee42412a21c9a4edf2de285cc0680575bcc7f026e698b52784fa95"
dependencies = [
 "alpm-sys",
 "bitflags",
]

[[package]]
name = "alpm-sys"
version = "5.0.0"
source = "registry+https://github.com/rust-lang/crates.io-index"
checksum = "7364aaf7673e679a2616e26c78af26b922b69afeba965333386f7d0400daf3a3"
dependencies = [
 "pkg-config",
]

[[package]]
name = "bitflags"
version = "2.10.0"
source = "registry+https://github.com/rust-lang/crates.io-index"
checksum = "812e12b5285cc515a9c72a5c1d3b6d46a19dac5acfef5265968c166106e31dd3"

[[package]]
name = "pacclean"
version = "0.1.0"
dependencies = [
 "alpm",
]

[[package]]
name = "pkg-config"
version = "0.3.32"
source = "registry+https://github.com/rust-lang/crates.io-index"
checksum = "7edddbd0b52d732b21ad9a5fab5c704c14cd949e5e9a1ec5929a24fded1b904c"
