# This file is automatically @generated by Cargo.
# It is not intended for manual editing.
version = 4

[[package]]
name = "alpm"
version = "5.0.2"
source = "registry+https://github.com/rust-lang/crates.io-index"
checksum = "4c7b56a77dc29bbe3c1d2b2a073200b7a09ed0a5d0b421315e915abdee4e1f2b"
dependencies = [
 "alpm-sys",
 "bitflags",
]

[[package]]
name = "alpm-sys"
version = "5.0.1"
source = "registry+https://github.com/rust-lang/crates.io-index"
checksum = "2802ef5d74e47cceda08d0d583c69be2595a5d25e2d6eef349b5e5b5ed4560e9"
dependencies = [
 "pkg-config",
]

[[package]]
name = "bitflags"
version = "2.12.1"
source = "registry+https://github.com/rust-lang/crates.io-index"
checksum = "84d7ced0ae9557296835c32bf1b1e02b44c746701f898460fb000d7eaa84f00a"

[[package]]
name = "pacclean"
version = "0.1.0"
dependencies = [
 "alpm",
]

[[package]]
name = "pkg-config"
version = "0.3.33"
source = "registry+https://github.com/rust-lang/crates.io-index"
checksum = "19f132c84eca552bf34cab8ec81f1c1dcc229b811638f9d283dceabe58c5569e"
